PODS:
  - Masonry (1.1.0)
  - SUD-GI (1.0.0):
    - SUD-GI/Stand (= 1.0.0)
  - SUD-GI/Base (1.0.0)
  - SUD-GI/Stand (1.0.0):
    - SUD-GI/Base
  - SVProgressHUD (2.2.5)

DEPENDENCIES:
  - Masonry
  - SUD-GI (from `../../`)
  - SVProgressHUD (~> 2.2.5)

SPEC REPOS:
  trunk:
    - Masonry
    - SVProgressHUD

EXTERNAL SOURCES:
  SUD-GI:
    :path: "../../"

SPEC CHECKSUMS:
  Masonry: 678fab65091a9290e40e2832a55e7ab731aad201
  SUD-GI: f0059b6e307c02a4592bb99d8dadc64348a1be5f
  SVProgressHUD: 1428aafac632c1f86f62aa4243ec12008d7a51d6

PODFILE CHECKSUM: bb398f33d8cc5b4cd34d03410628071f348cbfdb

COCOAPODS: 1.16.2
